// !$*UTF8*$!
{
	archiveVersion = 1;
	classes = {
	};
	objectVersion = 50;
	objects = {

/* Begin PBXBuildFile section */
		D001CE962101B991004919BA /* BackgroundHighlightedButton.swift in Sources */ = {isa = PBXBuildFile; fileRef = D001CE952101B991004919BA /* BackgroundHighlightedButton.swift */; };
		D0AE8CDC20A480B200A43CD9 /* AppDelegate.swift in Sources */ = {isa = PBXBuildFile; fileRef = D0AE8CDB20A480B200A43CD9 /* AppDelegate.swift */; };
		D0AE8CDE20A480B200A43CD9 /* ViewController.swift in Sources */ = {isa = PBXBuildFile; fileRef = D0AE8CDD20A480B200A43CD9 /* ViewController.swift */; };
		D0AE8CE120A480B200A43CD9 /* Main.storyboard in Resources */ = {isa = PBXBuildFile; fileRef = D0AE8CDF20A480B200A43CD9 /* Main.storyboard */; };
		D0AE8CE320A480B300A43CD9 /* Assets.xcassets in Resources */ = {isa = PBXBuildFile; fileRef = D0AE8CE220A480B300A43CD9 /* Assets.xcassets */; };
		D0AE8CE620A480B300A43CD9 /* LaunchScreen.storyboard in Resources */ = {isa = PBXBuildFile; fileRef = D0AE8CE420A480B300A43CD9 /* LaunchScreen.storyboard */; };
		D0AE8CF120A480B300A43CD9 /* calculatorTests.swift in Sources */ = {isa = PBXBuildFile; fileRef = D0AE8CF020A480B300A43CD9 /* calculatorTests.swift */; };
		D0AE8CFC20A480B300A43CD9 /* calculatorUITests.swift in Sources */ = {isa = PBXBuildFile; fileRef = D0AE8CFB20A480B300A43CD9 /* calculatorUITests.swift */; };
/* End PBXBuildFile section */

/* Begin PBXContainerItemProxy section */
		D0AE8CED20A480B300A43CD9 /* PBXContainerItemProxy */ = {
			isa = PBXContainerItemProxy;
			containerPortal = D0AE8CD020A480B200A43CD9 /* Project object */;
			proxyType = 1;
			remoteGlobalIDString = D0AE8CD720A480B200A43CD9;
			remoteInfo = calculator;
		};
		D0AE8CF820A480B300A43CD9 /* PBXContainerItemProxy */ = {
			isa = PBXContainerItemProxy;
			containerPortal = D0AE8CD020A480B200A43CD9 /* Project object */;
			proxyType = 1;
			remoteGlobalIDString = D0AE8CD720A480B200A43CD9;
			remoteInfo = calculator;
		};
/* End PBXContainerItemProxy section */

/* Begin PBXFileReference section */
		D001CE952101B991004919BA /* BackgroundHighlightedButton.swift */ = {isa = PBXFileReference; lastKnownFileType = sourcecode.swift; path = BackgroundHighlightedButton.swift; sourceTree = "<group>"; };
		D0AE8CD820A480B200A43CD9 /* ipad-calc-dev.app */ = {isa = PBXFileReference; explicitFileType = wrapper.application; includeInIndex = 0; path = "ipad-calc-dev.app"; sourceTree = BUILT_PRODUCTS_DIR; };
		D0AE8CDB20A480B200A43CD9 /* AppDelegate.swift */ = {isa = PBXFileReference; lastKnownFileType = sourcecode.swift; path = AppDelegate.swift; sourceTree = "<group>"; };
		D0AE8CDD20A480B200A43CD9 /* ViewController.swift */ = {isa = PBXFileReference; lastKnownFileType = sourcecode.swift; path = ViewController.swift; sourceTree = "<group>"; };
		D0AE8CE020A480B200A43CD9 /* Base */ = {isa = PBXFileReference; lastKnownFileType = file.storyboard; name = Base; path = Base.lproj/Main.storyboard; sourceTree = "<group>"; };
		D0AE8CE220A480B300A43CD9 /* Assets.xcassets */ = {isa = PBXFileReference; lastKnownFileType = folder.assetcatalog; path = Assets.xcassets; sourceTree = "<group>"; };
		D0AE8CE520A480B300A43CD9 /* Base */ = {isa = PBXFileReference; lastKnownFileType = file.storyboard; name = Base; path = Base.lproj/LaunchScreen.storyboard; sourceTree = "<group>"; };
		D0AE8CE720A480B300A43CD9 /* Info.plist */ = {isa = PBXFileReference; lastKnownFileType = text.plist.xml; path = Info.plist; sourceTree = "<group>"; };
		D0AE8CEC20A480B300A43CD9 /* calculatorTests.xctest */ = {isa = PBXFileReference; explicitFileType = wrapper.cfbundle; includeInIndex = 0; path = calculatorTests.xctest; sourceTree = BUILT_PRODUCTS_DIR; };
		D0AE8CF020A480B300A43CD9 /* calculatorTests.swift */ = {isa = PBXFileReference; lastKnownFileType = sourcecode.swift; path = calculatorTests.swift; sourceTree = "<group>"; };
		D0AE8CF220A480B300A43CD9 /* Info.plist */ = {isa = PBXFileReference; lastKnownFileType = text.plist.xml; path = Info.plist; sourceTree = "<group>"; };
		D0AE8CF720A480B300A43CD9 /* calculatorUITests.xctest */ = {isa = PBXFileReference; explicitFileType = wrapper.cfbundle; includeInIndex = 0; path = calculatorUITests.xctest; sourceTree = BUILT_PRODUCTS_DIR; };
		D0AE8CFB20A480B300A43CD9 /* calculatorUITests.swift */ = {isa = PBXFileReference; lastKnownFileType = sourcecode.swift; path = calculatorUITests.swift; sourceTree = "<group>"; };
		D0AE8CFD20A480B300A43CD9 /* Info.plist */ = {isa = PBXFileReference; lastKnownFileType = text.plist.xml; path = Info.plist; sourceTree = "<group>"; };
/* End PBXFileReference section */

/* Begin PBXFrameworksBuildPhase section */
		D0AE8CD520A480B200A43CD9 /* Frameworks */ = {
			isa = PBXFrameworksBuildPhase;
			buildActionMask = 2147483647;
			files = (
			);
			runOnlyForDeploymentPostprocessing = 0;
		};
		D0AE8CE920A480B300A43CD9 /* Frameworks */ = {
			isa = PBXFrameworksBuildPhase;
			buildActionMask = 2147483647;
			files = (
			);
			runOnlyForDeploymentPostprocessing = 0;
		};
		D0AE8CF420A480B300A43CD9 /* Frameworks */ = {
			isa = PBXFrameworksBuildPhase;
			buildActionMask = 2147483647;
			files = (
			);
			runOnlyForDeploymentPostprocessing = 0;
		};
/* End PBXFrameworksBuildPhase section */

/* Begin PBXGroup section */
		D0AE8CCF20A480B200A43CD9 = {
			isa = PBXGroup;
			children = (
				D0AE8CDA20A480B200A43CD9 /* calculator */,
				D0AE8CEF20A480B300A43CD9 /* calculatorTests */,
				D0AE8CFA20A480B300A43CD9 /* calculatorUITests */,
				D0AE8CD920A480B200A43CD9 /* Products */,
			);
			sourceTree = "<group>";
		};
		D0AE8CD920A480B200A43CD9 /* Products */ = {
			isa = PBXGroup;
			children = (
				D0AE8CD820A480B200A43CD9 /* ipad-calc-dev.app */,
				D0AE8CEC20A480B300A43CD9 /* calculatorTests.xctest */,
				D0AE8CF720A480B300A43CD9 /* calculatorUITests.xctest */,
			);
			name = Products;
			sourceTree = "<group>";
		};
		D0AE8CDA20A480B200A43CD9 /* calculator */ = {
			isa = PBXGroup;
			children = (
				D0AE8CDB20A480B200A43CD9 /* AppDelegate.swift */,
				D0AE8CDD20A480B200A43CD9 /* ViewController.swift */,
				D0AE8CDF20A480B200A43CD9 /* Main.storyboard */,
				D0AE8CE220A480B300A43CD9 /* Assets.xcassets */,
				D0AE8CE420A480B300A43CD9 /* LaunchScreen.storyboard */,
				D0AE8CE720A480B300A43CD9 /* Info.plist */,
				D001CE952101B991004919BA /* BackgroundHighlightedButton.swift */,
			);
			path = calculator;
			sourceTree = "<group>";
		};
		D0AE8CEF20A480B300A43CD9 /* calculatorTests */ = {
			isa = PBXGroup;
			children = (
				D0AE8CF020A480B300A43CD9 /* calculatorTests.swift */,
				D0AE8CF220A480B300A43CD9 /* Info.plist */,
			);
			path = calculatorTests;
			sourceTree = "<group>";
		};
		D0AE8CFA20A480B300A43CD9 /* calculatorUITests */ = {
			isa = PBXGroup;
			children = (
				D0AE8CFB20A480B300A43CD9 /* calculatorUITests.swift */,
				D0AE8CFD20A480B300A43CD9 /* Info.plist */,
			);
			path = calculatorUITests;
			sourceTree = "<group>";
		};
/* End PBXGroup section */

/* Begin PBXNativeTarget section */
		D0AE8CD720A480B200A43CD9 /* calculator */ = {
			isa = PBXNativeTarget;
			buildConfigurationList = D0AE8D0020A480B300A43CD9 /* Build configuration list for PBXNativeTarget "calculator" */;
			buildPhases = (
				D0AE8CD420A480B200A43CD9 /* Sources */,
				D0AE8CD520A480B200A43CD9 /* Frameworks */,
				D0AE8CD620A480B200A43CD9 /* Resources */,
			);
			buildRules = (
			);
			dependencies = (
			);
			name = calculator;
			productName = calculator;
			productReference = D0AE8CD820A480B200A43CD9 /* ipad-calc-dev.app */;
			productType = "com.apple.product-type.application";
		};
		D0AE8CEB20A480B300A43CD9 /* calculatorTests */ = {
			isa = PBXNativeTarget;
			buildConfigurationList = D0AE8D0320A480B300A43CD9 /* Build configuration list for PBXNativeTarget "calculatorTests" */;
			buildPhases = (
				D0AE8CE820A480B300A43CD9 /* Sources */,
				D0AE8CE920A480B300A43CD9 /* Frameworks */,
				D0AE8CEA20A480B300A43CD9 /* Resources */,
			);
			buildRules = (
			);
			dependencies = (
				D0AE8CEE20A480B300A43CD9 /* PBXTargetDependency */,
			);
			name = calculatorTests;
			productName = calculatorTests;
			productReference = D0AE8CEC20A480B300A43CD9 /* calculatorTests.xctest */;
			productType = "com.apple.product-type.bundle.unit-test";
		};
		D0AE8CF620A480B300A43CD9 /* calculatorUITests */ = {
			isa = PBXNativeTarget;
			buildConfigurationList = D0AE8D0620A480B300A43CD9 /* Build configuration list for PBXNativeTarget "calculatorUITests" */;
			buildPhases = (
				D0AE8CF320A480B300A43CD9 /* Sources */,
				D0AE8CF420A480B300A43CD9 /* Frameworks */,
				D0AE8CF520A480B300A43CD9 /* Resources */,
			);
			buildRules = (
			);
			dependencies = (
				D0AE8CF920A480B300A43CD9 /* PBXTargetDependency */,
			);
			name = calculatorUITests;
			productName = calculatorUITests;
			productReference = D0AE8CF720A480B300A43CD9 /* calculatorUITests.xctest */;
			productType = "com.apple.product-type.bundle.ui-testing";
		};
/* End PBXNativeTarget section */

/* Begin PBXProject section */
		D0AE8CD020A480B200A43CD9 /* Project object */ = {
			isa = PBXProject;
			attributes = {
				LastSwiftUpdateCheck = 0930;
				LastUpgradeCheck = 0930;
				ORGANIZATIONNAME = "motoki-shun";
				TargetAttributes = {
					D0AE8CD720A480B200A43CD9 = {
						CreatedOnToolsVersion = 9.3;
					};
					D0AE8CEB20A480B300A43CD9 = {
						CreatedOnToolsVersion = 9.3;
						TestTargetID = D0AE8CD720A480B200A43CD9;
					};
					D0AE8CF620A480B300A43CD9 = {
						CreatedOnToolsVersion = 9.3;
						TestTargetID = D0AE8CD720A480B200A43CD9;
					};
				};
			};
			buildConfigurationList = D0AE8CD320A480B200A43CD9 /* Build configuration list for PBXProject "ipad-calc" */;
			compatibilityVersion = "Xcode 9.3";
			developmentRegion = en;
			hasScannedForEncodings = 0;
			knownRegions = (
				en,
				Base,
			);
			mainGroup = D0AE8CCF20A480B200A43CD9;
			productRefGroup = D0AE8CD920A480B200A43CD9 /* Products */;
			projectDirPath = "";
			projectRoot = "";
			targets = (
				D0AE8CD720A480B200A43CD9 /* calculator */,
				D0AE8CEB20A480B300A43CD9 /* calculatorTests */,
				D0AE8CF620A480B300A43CD9 /* calculatorUITests */,
			);
		};
/* End PBXProject section */

/* Begin PBXResourcesBuildPhase section */
		D0AE8CD620A480B200A43CD9 /* Resources */ = {
			isa = PBXResourcesBuildPhase;
			buildActionMask = 2147483647;
			files = (
				D0AE8CE620A480B300A43CD9 /* LaunchScreen.storyboard in Resources */,
				D0AE8CE320A480B300A43CD9 /* Assets.xcassets in Resources */,
				D0AE8CE120A480B200A43CD9 /* Main.storyboard in Resources */,
			);
			runOnlyForDeploymentPostprocessing = 0;
		};
		D0AE8CEA20A480B300A43CD9 /* Resources */ = {
			isa = PBXResourcesBuildPhase;
			buildActionMask = 2147483647;
			files = (
			);
			runOnlyForDeploymentPostprocessing = 0;
		};
		D0AE8CF520A480B300A43CD9 /* Resources */ = {
			isa = PBXResourcesBuildPhase;
			buildActionMask = 2147483647;
			files = (
			);
			runOnlyForDeploymentPostprocessing = 0;
		};
/* End PBXResourcesBuildPhase section */

/* Begin PBXSourcesBuildPhase section */
		D0AE8CD420A480B200A43CD9 /* Sources */ = {
			isa = PBXSourcesBuildPhase;
			buildActionMask = 2147483647;
			files = (
				D001CE962101B991004919BA /* BackgroundHighlightedButton.swift in Sources */,
				D0AE8CDE20A480B200A43CD9 /* ViewController.swift in Sources */,
				D0AE8CDC20A480B200A43CD9 /* AppDelegate.swift in Sources */,
			);
			runOnlyForDeploymentPostprocessing = 0;
		};
		D0AE8CE820A480B300A43CD9 /* Sources */ = {
			isa = PBXSourcesBuildPhase;
			buildActionMask = 2147483647;
			files = (
				D0AE8CF120A480B300A43CD9 /* calculatorTests.swift in Sources */,
			);
			runOnlyForDeploymentPostprocessing = 0;
		};
		D0AE8CF320A480B300A43CD9 /* Sources */ = {
			isa = PBXSourcesBuildPhase;
			buildActionMask = 2147483647;
			files = (
				D0AE8CFC20A480B300A43CD9 /* calculatorUITests.swift in Sources */,
			);
			runOnlyForDeploymentPostprocessing = 0;
		};
/* End PBXSourcesBuildPhase section */

/* Begin PBXTargetDependency section */
		D0AE8CEE20A480B300A43CD9 /* PBXTargetDependency */ = {
			isa = PBXTargetDependency;
			target = D0AE8CD720A480B200A43CD9 /* calculator */;
			targetProxy = D0AE8CED20A480B300A43CD9 /* PBXContainerItemProxy */;
		};
		D0AE8CF920A480B300A43CD9 /* PBXTargetDependency */ = {
			isa = PBXTargetDependency;
			target = D0AE8CD720A480B200A43CD9 /* calculator */;
			targetProxy = D0AE8CF820A480B300A43CD9 /* PBXContainerItemProxy */;
		};
/* End PBXTargetDependency section */

/* Begin PBXVariantGroup section */
		D0AE8CDF20A480B200A43CD9 /* Main.storyboard */ = {
			isa = PBXVariantGroup;
			children = (
				D0AE8CE020A480B200A43CD9 /* Base */,
			);
			name = Main.storyboard;
			sourceTree = "<group>";
		};
		D0AE8CE420A480B300A43CD9 /* LaunchScreen.storyboard */ = {
			isa = PBXVariantGroup;
			children = (
				D0AE8CE520A480B300A43CD9 /* Base */,
			);
			name = LaunchScreen.storyboard;
			sourceTree = "<group>";
		};
/* End PBXVariantGroup section */

/* Begin XCBuildConfiguration section */
		D0AE8CFE20A480B300A43CD9 /* Debug */ = {
			isa = XCBuildConfiguration;
			buildSettings = {
				ALWAYS_SEARCH_USER_PATHS = NO;
				CLANG_ANALYZER_NONNULL = YES;
				CLANG_ANALYZER_NUMBER_OBJECT_CONVERSION = YES_AGGRESSIVE;
				CLANG_CXX_LANGUAGE_STANDARD = "gnu++14";
				CLANG_CXX_LIBRARY = "libc++";
				CLANG_ENABLE_MODULES = YES;
				CLANG_ENABLE_OBJC_ARC = YES;
				CLANG_ENABLE_OBJC_WEAK = YES;
				CLANG_WARN_BLOCK_CAPTURE_AUTORELEASING = YES;
				CLANG_WARN_BOOL_CONVERSION = YES;
				CLANG_WARN_COMMA = YES;
				CLANG_WARN_CONSTANT_CONVERSION = YES;
				CLANG_WARN_DEPRECATED_OBJC_IMPLEMENTATIONS = YES;
				CLANG_WARN_DIRECT_OBJC_ISA_USAGE = YES_ERROR;
				CLANG_WARN_DOCUMENTATION_COMMENTS = YES;
				CLANG_WARN_EMPTY_BODY = YES;
				CLANG_WARN_ENUM_CONVERSION = YES;
				CLANG_WARN_INFINITE_RECURSION = YES;
				CLANG_WARN_INT_CONVERSION = YES;
				CLANG_WARN_NON_LITERAL_NULL_CONVERSION = YES;
				CLANG_WARN_OBJC_IMPLICIT_RETAIN_SELF = YES;
				CLANG_WARN_OBJC_LITERAL_CONVERSION = YES;
				CLANG_WARN_OBJC_ROOT_CLASS = YES_ERROR;
				CLANG_WARN_RANGE_LOOP_ANALYSIS = YES;
				CLANG_WARN_STRICT_PROTOTYPES = YES;
				CLANG_WARN_SUSPICIOUS_MOVE = YES;
				CLANG_WARN_UNGUARDED_AVAILABILITY = YES_AGGRESSIVE;
				CLANG_WARN_UNREACHABLE_CODE = YES;
				CLANG_WARN__DUPLICATE_METHOD_MATCH = YES;
				CODE_SIGN_IDENTITY = "iPhone Developer";
				COPY_PHASE_STRIP = NO;
				DEBUG_INFORMATION_FORMAT = dwarf;
				ENABLE_STRICT_OBJC_MSGSEND = YES;
				ENABLE_TESTABILITY = YES;
				GCC_C_LANGUAGE_STANDARD = gnu11;
				GCC_DYNAMIC_NO_PIC = NO;
				GCC_NO_COMMON_BLOCKS = YES;
				GCC_OPTIMIZATION_LEVEL = 0;
				GCC_PREPROCESSOR_DEFINITIONS = (
					"DEBUG=1",
					"$(inherited)",
				);
				GCC_WARN_64_TO_32_BIT_CONVERSION = YES;
				GCC_WARN_ABOUT_RETURN_TYPE = YES_ERROR;
				GCC_WARN_UNDECLARED_SELECTOR = YES;
				GCC_WARN_UNINITIALIZED_AUTOS = YES_AGGRESSIVE;
				GCC_WARN_UNUSED_FUNCTION = YES;
				GCC_WARN_UNUSED_VARIABLE = YES;
				IPHONEOS_DEPLOYMENT_TARGET = 11.3;
				MTL_ENABLE_DEBUG_INFO = YES;
				ONLY_ACTIVE_ARCH = YES;
				SDKROOT = iphoneos;
				SWIFT_ACTIVE_COMPILATION_CONDITIONS = DEBUG;
				SWIFT_OPTIMIZATION_LEVEL = "-Onone";
			};
			name = Debug;
		};
		D0AE8CFF20A480B300A43CD9 /* Release */ = {
			isa = XCBuildConfiguration;
			buildSettings = {
				ALWAYS_SEARCH_USER_PATHS = NO;
				CLANG_ANALYZER_NONNULL = YES;
				CLANG_ANALYZER_NUMBER_OBJECT_CONVERSION = YES_AGGRESSIVE;
				CLANG_CXX_LANGUAGE_STANDARD = "gnu++14";
				CLANG_CXX_LIBRARY = "libc++";
				CLANG_ENABLE_MODULES = YES;
				CLANG_ENABLE_OBJC_ARC = YES;
				CLANG_ENABLE_OBJC_WEAK = YES;
				CLANG_WARN_BLOCK_CAPTURE_AUTORELEASING = YES;
				CLANG_WARN_BOOL_CONVERSION = YES;
				CLANG_WARN_COMMA = YES;
				CLANG_WARN_CONSTANT_CONVERSION = YES;
				CLANG_WARN_DEPRECATED_OBJC_IMPLEMENTATIONS = YES;
				CLANG_WARN_DIRECT_OBJC_ISA_USAGE = YES_ERROR;
				CLANG_WARN_DOCUMENTATION_COMMENTS = YES;
				CLANG_WARN_EMPTY_BODY = YES;
				CLANG_WARN_ENUM_CONVERSION = YES;
				CLANG_WARN_INFINITE_RECURSION = YES;
				CLANG_WARN_INT_CONVERSION = YES;
				CLANG_WARN_NON_LITERAL_NULL_CONVERSION = YES;
				CLANG_WARN_OBJC_IMPLICIT_RETAIN_SELF = YES;
				CLANG_WARN_OBJC_LITERAL_CONVERSION = YES;
				CLANG_WARN_OBJC_ROOT_CLASS = YES_ERROR;
				CLANG_WARN_RANGE_LOOP_ANALYSIS = YES;
				CLANG_WARN_STRICT_PROTOTYPES = YES;
				CLANG_WARN_SUSPICIOUS_MOVE = YES;
				CLANG_WARN_UNGUARDED_AVAILABILITY = YES_AGGRESSIVE;
				CLANG_WARN_UNREACHABLE_CODE = YES;
				CLANG_WARN__DUPLICATE_METHOD_MATCH = YES;
				CODE_SIGN_IDENTITY = "iPhone Developer";
				COPY_PHASE_STRIP = NO;
				DEBUG_INFORMATION_FORMAT = "dwarf-with-dsym";
				ENABLE_NS_ASSERTIONS = NO;
				ENABLE_STRICT_OBJC_MSGSEND = YES;
				GCC_C_LANGUAGE_STANDARD = gnu11;
				GCC_NO_COMMON_BLOCKS = YES;
				GCC_WARN_64_TO_32_BIT_CONVERSION = YES;
				GCC_WARN_ABOUT_RETURN_TYPE = YES_ERROR;
				GCC_WARN_UNDECLARED_SELECTOR = YES;
				GCC_WARN_UNINITIALIZED_AUTOS = YES_AGGRESSIVE;
				GCC_WARN_UNUSED_FUNCTION = YES;
				GCC_WARN_UNUSED_VARIABLE = YES;
				IPHONEOS_DEPLOYMENT_TARGET = 11.3;
				MTL_ENABLE_DEBUG_INFO = NO;
				SDKROOT = iphoneos;
				SWIFT_COMPILATION_MODE = wholemodule;
				SWIFT_OPTIMIZATION_LEVEL = "-O";
				VALIDATE_PRODUCT = YES;
			};
			name = Release;
		};
		D0AE8D0120A480B300A43CD9 /* Debug */ = {
			isa = XCBuildConfiguration;
			buildSettings = {
				ASSETCATALOG_COMPILER_APPICON_NAME = AppIcon;
				CODE_SIGN_IDENTITY = "iPhone Developer";
				CODE_SIGN_STYLE = Automatic;
				DEVELOPMENT_TEAM = AH597F32W5;
				INFOPLIST_FILE = calculator/Info.plist;
				IPHONEOS_DEPLOYMENT_TARGET = 10.0;
				LD_RUNPATH_SEARCH_PATHS = (
					"$(inherited)",
					"@executable_path/Frameworks",
				);
				PRODUCT_BUNDLE_IDENTIFIER = com.shuuuuun.calculator;
				PRODUCT_NAME = "ipad-calc-dev";
				PROVISIONING_PROFILE_SPECIFIER = "";
				SWIFT_VERSION = 4.0;
				TARGETED_DEVICE_FAMILY = 2;
			};
			name = Debug;
		};
		D0AE8D0220A480B300A43CD9 /* Release */ = {
			isa = XCBuildConfiguration;
			buildSettings = {
				ASSETCATALOG_COMPILER_APPICON_NAME = AppIcon;
				CODE_SIGN_IDENTITY = "iPhone Developer";
				CODE_SIGN_STYLE = Automatic;
				DEVELOPMENT_TEAM = AH597F32W5;
				INFOPLIST_FILE = calculator/Info.plist;
				IPHONEOS_DEPLOYMENT_TARGET = 10.0;
				LD_RUNPATH_SEARCH_PATHS = (
					"$(inherited)",
					"@executable_path/Frameworks",
				);
				PRODUCT_BUNDLE_IDENTIFIER = com.shuuuuun.calculator;
				PRODUCT_NAME = "ipad-calc";
				PROVISIONING_PROFILE_SPECIFIER = "";
				SWIFT_VERSION = 4.0;
				TARGETED_DEVICE_FAMILY = 2;
			};
			name = Release;
		};
		D0AE8D0420A480B300A43CD9 /* Debug */ = {
			isa = XCBuildConfiguration;
			buildSettings = {
				ALWAYS_EMBED_SWIFT_STANDARD_LIBRARIES = YES;
				BUNDLE_LOADER = "$(TEST_HOST)";
				CODE_SIGN_STYLE = Automatic;
				INFOPLIST_FILE = calculatorTests/Info.plist;
				LD_RUNPATH_SEARCH_PATHS = (
					"$(inherited)",
					"@executable_path/Frameworks",
					"@loader_path/Frameworks",
				);
				PRODUCT_BUNDLE_IDENTIFIER = mtkshn.calculatorTests;
				PRODUCT_NAME = "$(TARGET_NAME)";
				SWIFT_VERSION = 4.0;
				TARGETED_DEVICE_FAMILY = "1,2";
				TEST_HOST = "$(BUILT_PRODUCTS_DIR)/calculator.app/calculator";
			};
			name = Debug;
		};
		D0AE8D0520A480B300A43CD9 /* Release */ = {
			isa = XCBuildConfiguration;
			buildSettings = {
				ALWAYS_EMBED_SWIFT_STANDARD_LIBRARIES = YES;
				BUNDLE_LOADER = "$(TEST_HOST)";
				CODE_SIGN_STYLE = Automatic;
				INFOPLIST_FILE = calculatorTests/Info.plist;
				LD_RUNPATH_SEARCH_PATHS = (
					"$(inherited)",
					"@executable_path/Frameworks",
					"@loader_path/Frameworks",
				);
				PRODUCT_BUNDLE_IDENTIFIER = mtkshn.calculatorTests;
				PRODUCT_NAME = "$(TARGET_NAME)";
				SWIFT_VERSION = 4.0;
				TARGETED_DEVICE_FAMILY = "1,2";
				TEST_HOST = "$(BUILT_PRODUCTS_DIR)/calculator.app/calculator";
			};
			name = Release;
		};
		D0AE8D0720A480B300A43CD9 /* Debug */ = {
			isa = XCBuildConfiguration;
			buildSettings = {
				ALWAYS_EMBED_SWIFT_STANDARD_LIBRARIES = YES;
				CODE_SIGN_STYLE = Automatic;
				INFOPLIST_FILE = calculatorUITests/Info.plist;
				LD_RUNPATH_SEARCH_PATHS = (
					"$(inherited)",
					"@executable_path/Frameworks",
					"@loader_path/Frameworks",
				);
				PRODUCT_BUNDLE_IDENTIFIER = mtkshn.calculatorUITests;
				PRODUCT_NAME = "$(TARGET_NAME)";
				SWIFT_VERSION = 4.0;
				TARGETED_DEVICE_FAMILY = "1,2";
				TEST_TARGET_NAME = calculator;
			};
			name = Debug;
		};
		D0AE8D0820A480B300A43CD9 /* Release */ = {
			isa = XCBuildConfiguration;
			buildSettings = {
				ALWAYS_EMBED_SWIFT_STANDARD_LIBRARIES = YES;
				CODE_SIGN_STYLE = Automatic;
				INFOPLIST_FILE = calculatorUITests/Info.plist;
				LD_RUNPATH_SEARCH_PATHS = (
					"$(inherited)",
					"@executable_path/Frameworks",
					"@loader_path/Frameworks",
				);
				PRODUCT_BUNDLE_IDENTIFIER = mtkshn.calculatorUITests;
				PRODUCT_NAME = "$(TARGET_NAME)";
				SWIFT_VERSION = 4.0;
				TARGETED_DEVICE_FAMILY = "1,2";
				TEST_TARGET_NAME = calculator;
			};
			name = Release;
		};
/* End XCBuildConfiguration section */

/* Begin XCConfigurationList section */
		D0AE8CD320A480B200A43CD9 /* Build configuration list for PBXProject "ipad-calc" */ = {
			isa = XCConfigurationList;
			buildConfigurations = (
				D0AE8CFE20A480B300A43CD9 /* Debug */,
				D0AE8CFF20A480B300A43CD9 /* Release */,
			);
			defaultConfigurationIsVisible = 0;
			defaultConfigurationName = Release;
		};
		D0AE8D0020A480B300A43CD9 /* Build configuration list for PBXNativeTarget "calculator" */ = {
			isa = XCConfigurationList;
			buildConfigurations = (
				D0AE8D0120A480B300A43CD9 /* Debug */,
				D0AE8D0220A480B300A43CD9 /* Release */,
			);
			defaultConfigurationIsVisible = 0;
			defaultConfigurationName = Release;
		};
		D0AE8D0320A480B300A43CD9 /* Build configuration list for PBXNativeTarget "calculatorTests" */ = {
			isa = XCConfigurationList;
			buildConfigurations = (
				D0AE8D0420A480B300A43CD9 /* Debug */,
				D0AE8D0520A480B300A43CD9 /* Release */,
			);
			defaultConfigurationIsVisible = 0;
			defaultConfigurationName = Release;
		};
		D0AE8D0620A480B300A43CD9 /* Build configuration list for PBXNativeTarget "calculatorUITests" */ = {
			isa = XCConfigurationList;
			buildConfigurations = (
				D0AE8D0720A480B300A43CD9 /* Debug */,
				D0AE8D0820A480B300A43CD9 /* Release */,
			);
			defaultConfigurationIsVisible = 0;
			defaultConfigurationName = Release;
		};
/* End XCConfigurationList section */
	};
	rootObject = D0AE8CD020A480B200A43CD9 /* Project object */;
}
